
Microsoft Visual Studio Solution File, Format Version 12.00
# Visual Studio Version 17
VisualStudioVersion = 17.14.36414.22 d17.14
MinimumVisualStudioVersion = 10.0.40219.1
Project("{FAE04EC0-301F-11D3-BF4B-00C04F79EFBC}") = "Teste de mesa", "Teste de mesa\Teste de mesa.csproj", "{E460189E-F978-4F69-863A-0A1A014B900D}"
EndProject
Global
	GlobalSection(SolutionConfigurationPlatforms) = preSolution
		Debug|Any CPU = Debug|Any CPU
		Release|Any CPU = Release|Any CPU
	EndGlobalSection
	GlobalSection(ProjectConfigurationPlatforms) = postSolution
		{E460189E-F978-4F69-863A-0A1A014B900D}.Debug|Any CPU.ActiveCfg = Debug|Any CPU
		{E460189E-F978-4F69-863A-0A1A014B900D}.Debug|Any CPU.Build.0 = Debug|Any CPU
		{E460189E-F978-4F69-863A-0A1A014B900D}.Release|Any CPU.ActiveCfg = Release|Any CPU
		{E460189E-F978-4F69-863A-0A1A014B900D}.Release|Any CPU.Build.0 = Release|Any CPU
	EndGlobalSection
	GlobalSection(SolutionProperties) = preSolution
		HideSolutionNode = FALSE
	EndGlobalSection
	GlobalSection(ExtensibilityGlobals) = postSolution
		SolutionGuid = {5F90F166-7884-4536-B892-8B06AC624C4F}
	EndGlobalSection
EndGlobal
